
Microsoft Visual Studio Solution File, Format Version 12.00
# Visual Studio Version 17
VisualStudioVersion = 17.2.32616.157
MinimumVisualStudioVersion = 10.0.40219.1
Project("{9A19103F-16F7-4668-BE54-9A1E7A4F7556}") = "Marathon.Core", "Marathon.Core\Marathon.Core.csproj", "{F06E7F62-6BCE-4988-8967-BF24D3C9706B}"
EndProject
Project("{9A19103F-16F7-4668-BE54-9A1E7A4F7556}") = "Marathon.Web", "Marathon.Web\Marathon.Web.csproj", "{9CB9CFF4-FF42-4078-A312-8638B78F3B6B}"
EndProject
Project("{FAE04EC0-301F-11D3-BF4B-00C04F79EFBC}") = "Marathon.UmbracoModels", "Marathon.UmbracoModels\Marathon.UmbracoModels.csproj", "{52B939B7-AB28-4E12-99BF-F5139526CFD0}"
EndProject
Global
	GlobalSection(SolutionConfigurationPlatforms) = preSolution
		Debug|Any CPU = Debug|Any CPU
		Release|Any CPU = Release|Any CPU
	EndGlobalSection
	GlobalSection(ProjectConfigurationPlatforms) = postSolution
		{F06E7F62-6BCE-4988-8967-BF24D3C9706B}.Debug|Any CPU.ActiveCfg = Debug|Any CPU
		{F06E7F62-6BCE-4988-8967-BF24D3C9706B}.Debug|Any CPU.Build.0 = Debug|Any CPU
		{F06E7F62-6BCE-4988-8967-BF24D3C9706B}.Release|Any CPU.ActiveCfg = Release|Any CPU
		{F06E7F62-6BCE-4988-8967-BF24D3C9706B}.Release|Any CPU.Build.0 = Release|Any CPU
		{9CB9CFF4-FF42-4078-A312-8638B78F3B6B}.Debug|Any CPU.ActiveCfg = Debug|Any CPU
		{9CB9CFF4-FF42-4078-A312-8638B78F3B6B}.Debug|Any CPU.Build.0 = Debug|Any CPU
		{9CB9CFF4-FF42-4078-A312-8638B78F3B6B}.Release|Any CPU.ActiveCfg = Release|Any CPU
		{9CB9CFF4-FF42-4078-A312-8638B78F3B6B}.Release|Any CPU.Build.0 = Release|Any CPU
		{52B939B7-AB28-4E12-99BF-F5139526CFD0}.Debug|Any CPU.ActiveCfg = Debug|Any CPU
		{52B939B7-AB28-4E12-99BF-F5139526CFD0}.Debug|Any CPU.Build.0 = Debug|Any CPU
		{52B939B7-AB28-4E12-99BF-F5139526CFD0}.Release|Any CPU.ActiveCfg = Release|Any CPU
		{52B939B7-AB28-4E12-99BF-F5139526CFD0}.Release|Any CPU.Build.0 = Release|Any CPU
	EndGlobalSection
	GlobalSection(SolutionProperties) = preSolution
		HideSolutionNode = FALSE
	EndGlobalSection
	GlobalSection(ExtensibilityGlobals) = postSolution
		SolutionGuid = {B7BA7F2F-D5FB-412B-BFBC-C231997EF21F}
	EndGlobalSection
EndGlobal
